
Microsoft Visual Studio Solution File, Format Version 12.00
# Visual Studio Version 17
VisualStudioVersion = 17.9.34728.123
MinimumVisualStudioVersion = 10.0.40219.1
Project("{FAE04EC0-301F-11D3-BF4B-00C04F79EFBC}") = "Kashkha.DAL", "Kashkha.DAL\Kashkha.DAL.csproj", "{D7ECE179-5BA6-4CCD-83F2-D1F92CECB579}"
EndProject
Project("{FAE04EC0-301F-11D3-BF4B-00C04F79EFBC}") = "Kashkha.BL", "Kashkha.BL\Kashkha.BL.csproj", "{73A4DB43-B3A8-4C54-A1CF-7EA159661BD9}"
EndProject
Project("{FAE04EC0-301F-11D3-BF4B-00C04F79EFBC}") = "Kashkha.API", "Kashkha.API\Kashkha.API.csproj", "{DD29B093-AEC3-4144-A1E2-172F0B91C881}"
EndProject
Global
	GlobalSection(SolutionConfigurationPlatforms) = preSolution
		Debug|Any CPU = Debug|Any CPU
		Release|Any CPU = Release|Any CPU
	EndGlobalSection
	GlobalSection(ProjectConfigurationPlatforms) = postSolution
		{D7ECE179-5BA6-4CCD-83F2-D1F92CECB579}.Debug|Any CPU.ActiveCfg = Debug|Any CPU
		{D7ECE179-5BA6-4CCD-83F2-D1F92CECB579}.Debug|Any CPU.Build.0 = Debug|Any CPU
		{D7ECE179-5BA6-4CCD-83F2-D1F92CECB579}.Release|Any CPU.ActiveCfg = Release|Any CPU
		{D7ECE179-5BA6-4CCD-83F2-D1F92CECB579}.Release|Any CPU.Build.0 = Release|Any CPU
		{73A4DB43-B3A8-4C54-A1CF-7EA159661BD9}.Debug|Any CPU.ActiveCfg = Debug|Any CPU
		{73A4DB43-B3A8-4C54-A1CF-7EA159661BD9}.Debug|Any CPU.Build.0 = Debug|Any CPU
		{73A4DB43-B3A8-4C54-A1CF-7EA159661BD9}.Release|Any CPU.ActiveCfg = Release|Any CPU
		{73A4DB43-B3A8-4C54-A1CF-7EA159661BD9}.Release|Any CPU.Build.0 = Release|Any CPU
		{DD29B093-AEC3-4144-A1E2-172F0B91C881}.Debug|Any CPU.ActiveCfg = Debug|Any CPU
		{DD29B093-AEC3-4144-A1E2-172F0B91C881}.Debug|Any CPU.Build.0 = Debug|Any CPU
		{DD29B093-AEC3-4144-A1E2-172F0B91C881}.Release|Any CPU.ActiveCfg = Release|Any CPU
		{DD29B093-AEC3-4144-A1E2-172F0B91C881}.Release|Any CPU.Build.0 = Release|Any CPU
	EndGlobalSection
	GlobalSection(SolutionProperties) = preSolution
		HideSolutionNode = FALSE
	EndGlobalSection
	GlobalSection(ExtensibilityGlobals) = postSolution
		SolutionGuid = {41639C93-1AB9-4544-A670-9090FF20CF73}
	EndGlobalSection
EndGlobal
